// !$*UTF8*$!
{
	archiveVersion = 1;
	classes = {
	};
	objectVersion = 56;
	objects = {

/* Begin PBXBuildFile section */
		D16DD5B42EA044360056E9CF /* Sign-In.swift in Sources */ = {isa = PBXBuildFile; fileRef = D16DD5B32EA044360056E9CF /* Sign-In.swift */; };
		D16DD5B62EA045980056E9CF /* SecondaryLoginView.swift in Sources */ = {isa = PBXBuildFile; fileRef = D16DD5B52EA045980056E9CF /* SecondaryLoginView.swift */; };
		D17E104C2E37EF6B005D8CD7 /* SplashView.swift in Sources */ = {isa = PBXBuildFile; fileRef = D17E104B2E37EF6B005D8CD7 /* SplashView.swift */; };
		D18AF8852C1CA30E0060E6A7 /* FirebaseFirestore in Frameworks */ = {isa = PBXBuildFile; productRef = D18AF8842C1CA30E0060E6A7 /* FirebaseFirestore */; };
		D18AF8872C1CA30E0060E6A7 /* FirebaseFirestoreSwift in Frameworks */ = {isa = PBXBuildFile; productRef = D18AF8862C1CA30E0060E6A7 /* FirebaseFirestoreSwift */; };
		D18AF8892C1CA30E0060E6A7 /* FirebaseStorage in Frameworks */ = {isa = PBXBuildFile; productRef = D18AF8882C1CA30E0060E6A7 /* FirebaseStorage */; };
		D18AF88B2C20A2620060E6A7 /* User.swift in Sources */ = {isa = PBXBuildFile; fileRef = D18AF88A2C20A2620060E6A7 /* User.swift */; };
		D1A040AC2CDE9412000C2C6E /* HomeView.swift in Sources */ = {isa = PBXBuildFile; fileRef = D1A040AB2CDE9412000C2C6E /* HomeView.swift */; };
		D1CDF71F2E31291100BF617F /* FeedView.swift in Sources */ = {isa = PBXBuildFile; fileRef = D1CDF71E2E31291100BF617F /* FeedView.swift */; };
		D1CDF7212E312A8B00BF617F /* Post.swift in Sources */ = {isa = PBXBuildFile; fileRef = D1CDF7202E312A8B00BF617F /* Post.swift */; };
		D1CDF7232E312AE000BF617F /* PostView.swift in Sources */ = {isa = PBXBuildFile; fileRef = D1CDF7222E312AE000BF617F /* PostView.swift */; };
		D1DCBF212C00FD9C0089A821 /* PracticeSocialMediaApp.swift in Sources */ = {isa = PBXBuildFile; fileRef = D1DCBF202C00FD9C0089A821 /* PracticeSocialMediaApp.swift */; };
		D1DCBF232C00FD9C0089A821 /* ContentView.swift in Sources */ = {isa = PBXBuildFile; fileRef = D1DCBF222C00FD9C0089A821 /* ContentView.swift */; };
		D1DCBF252C00FD9F0089A821 /* Assets.xcassets in Resources */ = {isa = PBXBuildFile; fileRef = D1DCBF242C00FD9F0089A821 /* Assets.xcassets */; };
		D1DCBF282C00FD9F0089A821 /* Preview Assets.xcassets in Resources */ = {isa = PBXBuildFile; fileRef = D1DCBF272C00FD9F0089A821 /* Preview Assets.xcassets */; };
		D1DCBF342C0104A60089A821 /* LoginView.swift in Sources */ = {isa = PBXBuildFile; fileRef = D1DCBF332C0104A60089A821 /* LoginView.swift */; };
		D1DCBF372C1A21390089A821 /* FirebaseAuth in Frameworks */ = {isa = PBXBuildFile; productRef = D1DCBF362C1A21390089A821 /* FirebaseAuth */; };
		D1DCBF3B2C1A29500089A821 /* GoogleService-Info.plist in Resources */ = {isa = PBXBuildFile; fileRef = D1DCBF3A2C1A29500089A821 /* GoogleService-Info.plist */; };
/* End PBXBuildFile section */

/* Begin PBXFileReference section */
		D16DD5B32EA044360056E9CF /* Sign-In.swift */ = {isa = PBXFileReference; lastKnownFileType = sourcecode.swift; path = "Sign-In.swift"; sourceTree = "<group>"; };
		D16DD5B52EA045980056E9CF /* SecondaryLoginView.swift */ = {isa = PBXFileReference; lastKnownFileType = sourcecode.swift; path = SecondaryLoginView.swift; sourceTree = "<group>"; };
		D17E104B2E37EF6B005D8CD7 /* SplashView.swift */ = {isa = PBXFileReference; lastKnownFileType = sourcecode.swift; path = SplashView.swift; sourceTree = "<group>"; };
		D18AF88A2C20A2620060E6A7 /* User.swift */ = {isa = PBXFileReference; lastKnownFileType = sourcecode.swift; path = User.swift; sourceTree = "<group>"; };
		D1A040AB2CDE9412000C2C6E /* HomeView.swift */ = {isa = PBXFileReference; lastKnownFileType = sourcecode.swift; path = HomeView.swift; sourceTree = "<group>"; };
		D1CDF71E2E31291100BF617F /* FeedView.swift */ = {isa = PBXFileReference; lastKnownFileType = sourcecode.swift; path = FeedView.swift; sourceTree = "<group>"; };
		D1CDF7202E312A8B00BF617F /* Post.swift */ = {isa = PBXFileReference; lastKnownFileType = sourcecode.swift; path = Post.swift; sourceTree = "<group>"; };
		D1CDF7222E312AE000BF617F /* PostView.swift */ = {isa = PBXFileReference; lastKnownFileType = sourcecode.swift; path = PostView.swift; sourceTree = "<group>"; };
		D1DCBF1D2C00FD9C0089A821 /* PracticeSocialMedia.app */ = {isa = PBXFileReference; explicitFileType = wrapper.application; includeInIndex = 0; path = PracticeSocialMedia.app; sourceTree = BUILT_PRODUCTS_DIR; };
		D1DCBF202C00FD9C0089A821 /* PracticeSocialMediaApp.swift */ = {isa = PBXFileReference; lastKnownFileType = sourcecode.swift; path = PracticeSocialMediaApp.swift; sourceTree = "<group>"; };
		D1DCBF222C00FD9C0089A821 /* ContentView.swift */ = {isa = PBXFileReference; lastKnownFileType = sourcecode.swift; path = ContentView.swift; sourceTree = "<group>"; };
		D1DCBF242C00FD9F0089A821 /* Assets.xcassets */ = {isa = PBXFileReference; lastKnownFileType = folder.assetcatalog; path = Assets.xcassets; sourceTree = "<group>"; };
		D1DCBF272C00FD9F0089A821 /* Preview Assets.xcassets */ = {isa = PBXFileReference; lastKnownFileType = folder.assetcatalog; path = "Preview Assets.xcassets"; sourceTree = "<group>"; };
		D1DCBF332C0104A60089A821 /* LoginView.swift */ = {isa = PBXFileReference; lastKnownFileType = sourcecode.swift; path = LoginView.swift; sourceTree = "<group>"; };
		D1DCBF3A2C1A29500089A821 /* GoogleService-Info.plist */ = {isa = PBXFileReference; fileEncoding = 4; lastKnownFileType = text.plist.xml; name = "GoogleService-Info.plist"; path = "../../../../../../../Downloads/GoogleService-Info.plist"; sourceTree = "<group>"; };
/* End PBXFileReference section */

/* Begin PBXFrameworksBuildPhase section */
		D1DCBF1A2C00FD9C0089A821 /* Frameworks */ = {
			isa = PBXFrameworksBuildPhase;
			buildActionMask = 2147483647;
			files = (
				D1DCBF372C1A21390089A821 /* FirebaseAuth in Frameworks */,
				D18AF8892C1CA30E0060E6A7 /* FirebaseStorage in Frameworks */,
				D18AF8852C1CA30E0060E6A7 /* FirebaseFirestore in Frameworks */,
				D18AF8872C1CA30E0060E6A7 /* FirebaseFirestoreSwift in Frameworks */,
			);
			runOnlyForDeploymentPostprocessing = 0;
		};
/* End PBXFrameworksBuildPhase section */

/* Begin PBXGroup section */
		D1DCBF142C00FD9C0089A821 = {
			isa = PBXGroup;
			children = (
				D1DCBF1F2C00FD9C0089A821 /* PracticeSocialMedia */,
				D1DCBF1E2C00FD9C0089A821 /* Products */,
				D1DCBF352C1A21390089A821 /* Frameworks */,
			);
			sourceTree = "<group>";
		};
		D1DCBF1E2C00FD9C0089A821 /* Products */ = {
			isa = PBXGroup;
			children = (
				D1DCBF1D2C00FD9C0089A821 /* PracticeSocialMedia.app */,
			);
			name = Products;
			sourceTree = "<group>";
		};
		D1DCBF1F2C00FD9C0089A821 /* PracticeSocialMedia */ = {
			isa = PBXGroup;
			children = (
				D1DCBF3A2C1A29500089A821 /* GoogleService-Info.plist */,
				D1DCBF322C0104650089A821 /* Model */,
				D1DCBF312C0104540089A821 /* View */,
				D1DCBF202C00FD9C0089A821 /* PracticeSocialMediaApp.swift */,
				D1DCBF222C00FD9C0089A821 /* ContentView.swift */,
				D1DCBF242C00FD9F0089A821 /* Assets.xcassets */,
				D1DCBF262C00FD9F0089A821 /* Preview Content */,
			);
			path = PracticeSocialMedia;
			sourceTree = "<group>";
		};
		D1DCBF262C00FD9F0089A821 /* Preview Content */ = {
			isa = PBXGroup;
			children = (
				D1DCBF272C00FD9F0089A821 /* Preview Assets.xcassets */,
			);
			path = "Preview Content";
			sourceTree = "<group>";
		};
		D1DCBF312C0104540089A821 /* View */ = {
			isa = PBXGroup;
			children = (
				D1DCBF332C0104A60089A821 /* LoginView.swift */,
				D17E104B2E37EF6B005D8CD7 /* SplashView.swift */,
				D1A040AB2CDE9412000C2C6E /* HomeView.swift */,
				D1CDF71E2E31291100BF617F /* FeedView.swift */,
				D1CDF7222E312AE000BF617F /* PostView.swift */,
				D16DD5B52EA045980056E9CF /* SecondaryLoginView.swift */,
			);
			path = View;
			sourceTree = "<group>";
		};
		D1DCBF322C0104650089A821 /* Model */ = {
			isa = PBXGroup;
			children = (
				D18AF88A2C20A2620060E6A7 /* User.swift */,
				D1CDF7202E312A8B00BF617F /* Post.swift */,
				D16DD5B32EA044360056E9CF /* Sign-In.swift */,
			);
			path = Model;
			sourceTree = "<group>";
		};
		D1DCBF352C1A21390089A821 /* Frameworks */ = {
			isa = PBXGroup;
			children = (
			);
			name = Frameworks;
			sourceTree = "<group>";
		};
/* End PBXGroup section */

/* Begin PBXNativeTarget section */
		D1DCBF1C2C00FD9C0089A821 /* PracticeSocialMedia */ = {
			isa = PBXNativeTarget;
			buildConfigurationList = D1DCBF2B2C00FD9F0089A821 /* Build configuration list for PBXNativeTarget "PracticeSocialMedia" */;
			buildPhases = (
				D1DCBF192C00FD9C0089A821 /* Sources */,
				D1DCBF1A2C00FD9C0089A821 /* Frameworks */,
				D1DCBF1B2C00FD9C0089A821 /* Resources */,
			);
			buildRules = (
			);
			dependencies = (
			);
			name = PracticeSocialMedia;
			packageProductDependencies = (
				D1DCBF362C1A21390089A821 /* FirebaseAuth */,
				D18AF8842C1CA30E0060E6A7 /* FirebaseFirestore */,
				D18AF8862C1CA30E0060E6A7 /* FirebaseFirestoreSwift */,
				D18AF8882C1CA30E0060E6A7 /* FirebaseStorage */,
			);
			productName = PracticeSocialMedia;
			productReference = D1DCBF1D2C00FD9C0089A821 /* PracticeSocialMedia.app */;
			productType = "com.apple.product-type.application";
		};
/* End PBXNativeTarget section */

/* Begin PBXProject section */
		D1DCBF152C00FD9C0089A821 /* Project object */ = {
			isa = PBXProject;
			attributes = {
				BuildIndependentTargetsInParallel = 1;
				LastSwiftUpdateCheck = 1530;
				LastUpgradeCheck = 1530;
				TargetAttributes = {
					D1DCBF1C2C00FD9C0089A821 = {
						CreatedOnToolsVersion = 15.3;
					};
				};
			};
			buildConfigurationList = D1DCBF182C00FD9C0089A821 /* Build configuration list for PBXProject "PracticeSocialMedia" */;
			compatibilityVersion = "Xcode 14.0";
			developmentRegion = en;
			hasScannedForEncodings = 0;
			knownRegions = (
				en,
				Base,
			);
			mainGroup = D1DCBF142C00FD9C0089A821;
			packageReferences = (
				D1DCBF2E2C0103390089A821 /* XCRemoteSwiftPackageReference "firebase-ios-sdk" */,
			);
			productRefGroup = D1DCBF1E2C00FD9C0089A821 /* Products */;
			projectDirPath = "";
			projectRoot = "";
			targets = (
				D1DCBF1C2C00FD9C0089A821 /* PracticeSocialMedia */,
			);
		};
/* End PBXProject section */

/* Begin PBXResourcesBuildPhase section */
		D1DCBF1B2C00FD9C0089A821 /* Resources */ = {
			isa = PBXResourcesBuildPhase;
			buildActionMask = 2147483647;
			files = (
				D1DCBF282C00FD9F0089A821 /* Preview Assets.xcassets in Resources */,
				D1DCBF252C00FD9F0089A821 /* Assets.xcassets in Resources */,
				D1DCBF3B2C1A29500089A821 /* GoogleService-Info.plist in Resources */,
			);
			runOnlyForDeploymentPostprocessing = 0;
		};
/* End PBXResourcesBuildPhase section */

/* Begin PBXSourcesBuildPhase section */
		D1DCBF192C00FD9C0089A821 /* Sources */ = {
			isa = PBXSourcesBuildPhase;
			buildActionMask = 2147483647;
			files = (
				D18AF88B2C20A2620060E6A7 /* User.swift in Sources */,
				D1DCBF342C0104A60089A821 /* LoginView.swift in Sources */,
				D16DD5B62EA045980056E9CF /* SecondaryLoginView.swift in Sources */,
				D1CDF7232E312AE000BF617F /* PostView.swift in Sources */,
				D1DCBF232C00FD9C0089A821 /* ContentView.swift in Sources */,
				D1A040AC2CDE9412000C2C6E /* HomeView.swift in Sources */,
				D16DD5B42EA044360056E9CF /* Sign-In.swift in Sources */,
				D1CDF71F2E31291100BF617F /* FeedView.swift in Sources */,
				D1CDF7212E312A8B00BF617F /* Post.swift in Sources */,
				D1DCBF212C00FD9C0089A821 /* PracticeSocialMediaApp.swift in Sources */,
				D17E104C2E37EF6B005D8CD7 /* SplashView.swift in Sources */,
			);
			runOnlyForDeploymentPostprocessing = 0;
		};
/* End PBXSourcesBuildPhase section */

/* Begin XCBuildConfiguration section */
		D1DCBF292C00FD9F0089A821 /* Debug */ = {
			isa = XCBuildConfiguration;
			buildSettings = {
				ALWAYS_SEARCH_USER_PATHS = NO;
				ASSETCATALOG_COMPILER_GENERATE_SWIFT_ASSET_SYMBOL_EXTENSIONS = YES;
				CLANG_ANALYZER_NONNULL = YES;
				CLANG_ANALYZER_NUMBER_OBJECT_CONVERSION = YES_AGGRESSIVE;
				CLANG_CXX_LANGUAGE_STANDARD = "gnu++20";
				CLANG_ENABLE_MODULES = YES;
				CLANG_ENABLE_OBJC_ARC = YES;
				CLANG_ENABLE_OBJC_WEAK = YES;
				CLANG_WARN_BLOCK_CAPTURE_AUTORELEASING = YES;
				CLANG_WARN_BOOL_CONVERSION = YES;
				CLANG_WARN_COMMA = YES;
				CLANG_WARN_CONSTANT_CONVERSION = YES;
				CLANG_WARN_DEPRECATED_OBJC_IMPLEMENTATIONS = YES;
				CLANG_WARN_DIRECT_OBJC_ISA_USAGE = YES_ERROR;
				CLANG_WARN_DOCUMENTATION_COMMENTS = YES;
				CLANG_WARN_EMPTY_BODY = YES;
				CLANG_WARN_ENUM_CONVERSION = YES;
				CLANG_WARN_INFINITE_RECURSION = YES;
				CLANG_WARN_INT_CONVERSION = YES;
				CLANG_WARN_NON_LITERAL_NULL_CONVERSION = YES;
				CLANG_WARN_OBJC_IMPLICIT_RETAIN_SELF = YES;
				CLANG_WARN_OBJC_LITERAL_CONVERSION = YES;
				CLANG_WARN_OBJC_ROOT_CLASS = YES_ERROR;
				CLANG_WARN_QUOTED_INCLUDE_IN_FRAMEWORK_HEADER = YES;
				CLANG_WARN_RANGE_LOOP_ANALYSIS = YES;
				CLANG_WARN_STRICT_PROTOTYPES = YES;
				CLANG_WARN_SUSPICIOUS_MOVE = YES;
				CLANG_WARN_UNGUARDED_AVAILABILITY = YES_AGGRESSIVE;
				CLANG_WARN_UNREACHABLE_CODE = YES;
				CLANG_WARN__DUPLICATE_METHOD_MATCH = YES;
				COPY_PHASE_STRIP = NO;
				DEBUG_INFORMATION_FORMAT = dwarf;
				ENABLE_STRICT_OBJC_MSGSEND = YES;
				ENABLE_TESTABILITY = YES;
				ENABLE_USER_SCRIPT_SANDBOXING = YES;
				GCC_C_LANGUAGE_STANDARD = gnu17;
				GCC_DYNAMIC_NO_PIC = NO;
				GCC_NO_COMMON_BLOCKS = YES;
				GCC_OPTIMIZATION_LEVEL = 0;
				GCC_PREPROCESSOR_DEFINITIONS = (
					"DEBUG=1",
					"$(inherited)",
				);
				GCC_WARN_64_TO_32_BIT_CONVERSION = YES;
				GCC_WARN_ABOUT_RETURN_TYPE = YES_ERROR;
				GCC_WARN_UNDECLARED_SELECTOR = YES;
				GCC_WARN_UNINITIALIZED_AUTOS = YES_AGGRESSIVE;
				GCC_WARN_UNUSED_FUNCTION = YES;
				GCC_WARN_UNUSED_VARIABLE = YES;
				IPHONEOS_DEPLOYMENT_TARGET = 17.4;
				LOCALIZATION_PREFERS_STRING_CATALOGS = YES;
				MTL_ENABLE_DEBUG_INFO = INCLUDE_SOURCE;
				MTL_FAST_MATH = YES;
				ONLY_ACTIVE_ARCH = YES;
				SDKROOT = iphoneos;
				SWIFT_ACTIVE_COMPILATION_CONDITIONS = "DEBUG $(inherited)";
				SWIFT_OPTIMIZATION_LEVEL = "-Onone";
			};
			name = Debug;
		};
		D1DCBF2A2C00FD9F0089A821 /* Release */ = {
			isa = XCBuildConfiguration;
			buildSettings = {
				ALWAYS_SEARCH_USER_PATHS = NO;
				ASSETCATALOG_COMPILER_GENERATE_SWIFT_ASSET_SYMBOL_EXTENSIONS = YES;
				CLANG_ANALYZER_NONNULL = YES;
				CLANG_ANALYZER_NUMBER_OBJECT_CONVERSION = YES_AGGRESSIVE;
				CLANG_CXX_LANGUAGE_STANDARD = "gnu++20";
				CLANG_ENABLE_MODULES = YES;
				CLANG_ENABLE_OBJC_ARC = YES;
				CLANG_ENABLE_OBJC_WEAK = YES;
				CLANG_WARN_BLOCK_CAPTURE_AUTORELEASING = YES;
				CLANG_WARN_BOOL_CONVERSION = YES;
				CLANG_WARN_COMMA = YES;
				CLANG_WARN_CONSTANT_CONVERSION = YES;
				CLANG_WARN_DEPRECATED_OBJC_IMPLEMENTATIONS = YES;
				CLANG_WARN_DIRECT_OBJC_ISA_USAGE = YES_ERROR;
				CLANG_WARN_DOCUMENTATION_COMMENTS = YES;
				CLANG_WARN_EMPTY_BODY = YES;
				CLANG_WARN_ENUM_CONVERSION = YES;
				CLANG_WARN_INFINITE_RECURSION = YES;
				CLANG_WARN_INT_CONVERSION = YES;
				CLANG_WARN_NON_LITERAL_NULL_CONVERSION = YES;
				CLANG_WARN_OBJC_IMPLICIT_RETAIN_SELF = YES;
				CLANG_WARN_OBJC_LITERAL_CONVERSION = YES;
				CLANG_WARN_OBJC_ROOT_CLASS = YES_ERROR;
				CLANG_WARN_QUOTED_INCLUDE_IN_FRAMEWORK_HEADER = YES;
				CLANG_WARN_RANGE_LOOP_ANALYSIS = YES;
				CLANG_WARN_STRICT_PROTOTYPES = YES;
				CLANG_WARN_SUSPICIOUS_MOVE = YES;
				CLANG_WARN_UNGUARDED_AVAILABILITY = YES_AGGRESSIVE;
				CLANG_WARN_UNREACHABLE_CODE = YES;
				CLANG_WARN__DUPLICATE_METHOD_MATCH = YES;
				COPY_PHASE_STRIP = NO;
				DEBUG_INFORMATION_FORMAT = "dwarf-with-dsym";
				ENABLE_NS_ASSERTIONS = NO;
				ENABLE_STRICT_OBJC_MSGSEND = YES;
				ENABLE_USER_SCRIPT_SANDBOXING = YES;
				GCC_C_LANGUAGE_STANDARD = gnu17;
				GCC_NO_COMMON_BLOCKS = YES;
				GCC_WARN_64_TO_32_BIT_CONVERSION = YES;
				GCC_WARN_ABOUT_RETURN_TYPE = YES_ERROR;
				GCC_WARN_UNDECLARED_SELECTOR = YES;
				GCC_WARN_UNINITIALIZED_AUTOS = YES_AGGRESSIVE;
				GCC_WARN_UNUSED_FUNCTION = YES;
				GCC_WARN_UNUSED_VARIABLE = YES;
				IPHONEOS_DEPLOYMENT_TARGET = 17.4;
				LOCALIZATION_PREFERS_STRING_CATALOGS = YES;
				MTL_ENABLE_DEBUG_INFO = NO;
				MTL_FAST_MATH = YES;
				SDKROOT = iphoneos;
				SWIFT_COMPILATION_MODE = wholemodule;
				VALIDATE_PRODUCT = YES;
			};
			name = Release;
		};
		D1DCBF2C2C00FD9F0089A821 /* Debug */ = {
			isa = XCBuildConfiguration;
			buildSettings = {
				ASSETCATALOG_COMPILER_APPICON_NAME = AppIcon;
				ASSETCATALOG_COMPILER_GLOBAL_ACCENT_COLOR_NAME = AccentColor;
				CODE_SIGN_STYLE = Automatic;
				CURRENT_PROJECT_VERSION = 1;
				DEVELOPMENT_ASSET_PATHS = "\"PracticeSocialMedia/Preview Content\"";
				DEVELOPMENT_TEAM = U5826G2GQB;
				ENABLE_PREVIEWS = YES;
				GENERATE_INFOPLIST_FILE = YES;
				INFOPLIST_KEY_UIApplicationSceneManifest_Generation = YES;
				INFOPLIST_KEY_UIApplicationSupportsIndirectInputEvents = YES;
				INFOPLIST_KEY_UILaunchScreen_Generation = YES;
				INFOPLIST_KEY_UISupportedInterfaceOrientations_iPad = "UIInterfaceOrientationPortrait UIInterfaceOrientationPortraitUpsideDown UIInterfaceOrientationLandscapeLeft UIInterfaceOrientationLandscapeRight";
				INFOPLIST_KEY_UISupportedInterfaceOrientations_iPhone = "UIInterfaceOrientationPortrait UIInterfaceOrientationLandscapeLeft UIInterfaceOrientationLandscapeRight";
				LD_RUNPATH_SEARCH_PATHS = (
					"$(inherited)",
					"@executable_path/Frameworks",
				);
				MARKETING_VERSION = 1.0;
				PRODUCT_BUNDLE_IDENTIFIER = Test.PracticeSocialMedia;
				PRODUCT_NAME = "$(TARGET_NAME)";
				SWIFT_EMIT_LOC_STRINGS = YES;
				SWIFT_VERSION = 5.0;
				TARGETED_DEVICE_FAMILY = "1,2";
			};
			name = Debug;
		};
		D1DCBF2D2C00FD9F0089A821 /* Release */ = {
			isa = XCBuildConfiguration;
			buildSettings = {
				ASSETCATALOG_COMPILER_APPICON_NAME = AppIcon;
				ASSETCATALOG_COMPILER_GLOBAL_ACCENT_COLOR_NAME = AccentColor;
				CODE_SIGN_STYLE = Automatic;
				CURRENT_PROJECT_VERSION = 1;
				DEVELOPMENT_ASSET_PATHS = "\"PracticeSocialMedia/Preview Content\"";
				DEVELOPMENT_TEAM = U5826G2GQB;
				ENABLE_PREVIEWS = YES;
				GENERATE_INFOPLIST_FILE = YES;
				INFOPLIST_KEY_UIApplicationSceneManifest_Generation = YES;
				INFOPLIST_KEY_UIApplicationSupportsIndirectInputEvents = YES;
				INFOPLIST_KEY_UILaunchScreen_Generation = YES;
				INFOPLIST_KEY_UISupportedInterfaceOrientations_iPad = "UIInterfaceOrientationPortrait UIInterfaceOrientationPortraitUpsideDown UIInterfaceOrientationLandscapeLeft UIInterfaceOrientationLandscapeRight";
				INFOPLIST_KEY_UISupportedInterfaceOrientations_iPhone = "UIInterfaceOrientationPortrait UIInterfaceOrientationLandscapeLeft UIInterfaceOrientationLandscapeRight";
				LD_RUNPATH_SEARCH_PATHS = (
					"$(inherited)",
					"@executable_path/Frameworks",
				);
				MARKETING_VERSION = 1.0;
				PRODUCT_BUNDLE_IDENTIFIER = Test.PracticeSocialMedia;
				PRODUCT_NAME = "$(TARGET_NAME)";
				SWIFT_EMIT_LOC_STRINGS = YES;
				SWIFT_VERSION = 5.0;
				TARGETED_DEVICE_FAMILY = "1,2";
			};
			name = Release;
		};
/* End XCBuildConfiguration section */

/* Begin XCConfigurationList section */
		D1DCBF182C00FD9C0089A821 /* Build configuration list for PBXProject "PracticeSocialMedia" */ = {
			isa = XCConfigurationList;
			buildConfigurations = (
				D1DCBF292C00FD9F0089A821 /* Debug */,
				D1DCBF2A2C00FD9F0089A821 /* Release */,
			);
			defaultConfigurationIsVisible = 0;
			defaultConfigurationName = Release;
		};
		D1DCBF2B2C00FD9F0089A821 /* Build configuration list for PBXNativeTarget "PracticeSocialMedia" */ = {
			isa = XCConfigurationList;
			buildConfigurations = (
				D1DCBF2C2C00FD9F0089A821 /* Debug */,
				D1DCBF2D2C00FD9F0089A821 /* Release */,
			);
			defaultConfigurationIsVisible = 0;
			defaultConfigurationName = Release;
		};
/* End XCConfigurationList section */

/* Begin XCRemoteSwiftPackageReference section */
		D1DCBF2E2C0103390089A821 /* XCRemoteSwiftPackageReference "firebase-ios-sdk" */ = {
			isa = XCRemoteSwiftPackageReference;
			repositoryURL = "https://github.com/firebase/firebase-ios-sdk";
			requirement = {
				kind = upToNextMajorVersion;
				minimumVersion = 10.26.0;
			};
		};
/* End XCRemoteSwiftPackageReference section */

/* Begin XCSwiftPackageProductDependency section */
		D18AF8842C1CA30E0060E6A7 /* FirebaseFirestore */ = {
			isa = XCSwiftPackageProductDependency;
			package = D1DCBF2E2C0103390089A821 /* XCRemoteSwiftPackageReference "firebase-ios-sdk" */;
			productName = FirebaseFirestore;
		};
		D18AF8862C1CA30E0060E6A7 /* FirebaseFirestoreSwift */ = {
			isa = XCSwiftPackageProductDependency;
			package = D1DCBF2E2C0103390089A821 /* XCRemoteSwiftPackageReference "firebase-ios-sdk" */;
			productName = FirebaseFirestoreSwift;
		};
		D18AF8882C1CA30E0060E6A7 /* FirebaseStorage */ = {
			isa = XCSwiftPackageProductDependency;
			package = D1DCBF2E2C0103390089A821 /* XCRemoteSwiftPackageReference "firebase-ios-sdk" */;
			productName = FirebaseStorage;
		};
		D1DCBF362C1A21390089A821 /* FirebaseAuth */ = {
			isa = XCSwiftPackageProductDependency;
			package = D1DCBF2E2C0103390089A821 /* XCRemoteSwiftPackageReference "firebase-ios-sdk" */;
			productName = FirebaseAuth;
		};
/* End XCSwiftPackageProductDependency section */
	};
	rootObject = D1DCBF152C00FD9C0089A821 /* Project object */;
}
